
Microsoft Visual Studio Solution File, Format Version 12.00
# Visual Studio Version 16
VisualStudioVersion = 16.0.31729.503
MinimumVisualStudioVersion = 10.0.40219.1
Project("{FAE04EC0-301F-11D3-BF4B-00C04F79EFBC}") = "MVCData123", "MVCData123\MVCData123.csproj", "{701993C5-586D-49EF-A2AC-F42DE6AEE849}"
EndProject
Global
	GlobalSection(SolutionConfigurationPlatforms) = preSolution
		Debug|Any CPU = Debug|Any CPU
		Release|Any CPU = Release|Any CPU
	EndGlobalSection
	GlobalSection(ProjectConfigurationPlatforms) = postSolution
		{701993C5-586D-49EF-A2AC-F42DE6AEE849}.Debug|Any CPU.ActiveCfg = Debug|Any CPU
		{701993C5-586D-49EF-A2AC-F42DE6AEE849}.Debug|Any CPU.Build.0 = Debug|Any CPU
		{701993C5-586D-49EF-A2AC-F42DE6AEE849}.Release|Any CPU.ActiveCfg = Release|Any CPU
		{701993C5-586D-49EF-A2AC-F42DE6AEE849}.Release|Any CPU.Build.0 = Release|Any CPU
	EndGlobalSection
	GlobalSection(SolutionProperties) = preSolution
		HideSolutionNode = FALSE
	EndGlobalSection
	GlobalSection(ExtensibilityGlobals) = postSolution
		SolutionGuid = {7245ACAC-9067-468C-A8E1-73CECBC918EE}
	EndGlobalSection
EndGlobal
